// !$*UTF8*$!
{
	archiveVersion = 1;
	classes = {
	};
	objectVersion = 56;
	objects = {

/* Begin PBXBuildFile section */
		640E9226291AA54600F23A51 /* AppDelegate.swift in Sources */ = {isa = PBXBuildFile; fileRef = 640E9225291AA54600F23A51 /* AppDelegate.swift */; };
		640E9228291AA54600F23A51 /* SceneDelegate.swift in Sources */ = {isa = PBXBuildFile; fileRef = 640E9227291AA54600F23A51 /* SceneDelegate.swift */; };
		640E922A291AA54600F23A51 /* ViewController.swift in Sources */ = {isa = PBXBuildFile; fileRef = 640E9229291AA54600F23A51 /* ViewController.swift */; };
		640E922D291AA54600F23A51 /* Main.storyboard in Resources */ = {isa = PBXBuildFile; fileRef = 640E922B291AA54600F23A51 /* Main.storyboard */; };
		640E922F291AA54700F23A51 /* Assets.xcassets in Resources */ = {isa = PBXBuildFile; fileRef = 640E922E291AA54700F23A51 /* Assets.xcassets */; };
		640E9232291AA54700F23A51 /* LaunchScreen.storyboard in Resources */ = {isa = PBXBuildFile; fileRef = 640E9230291AA54700F23A51 /* LaunchScreen.storyboard */; };
		640E923D291AA54700F23A51 /* ios_02_simplecalculator_UriTests.swift in Sources */ = {isa = PBXBuildFile; fileRef = 640E923C291AA54700F23A51 /* ios_02_simplecalculator_UriTests.swift */; };
		640E9247291AA54700F23A51 /* ios_02_simplecalculator_UriUITests.swift in Sources */ = {isa = PBXBuildFile; fileRef = 640E9246291AA54700F23A51 /* ios_02_simplecalculator_UriUITests.swift */; };
		640E9249291AA54700F23A51 /* ios_02_simplecalculator_UriUITestsLaunchTests.swift in Sources */ = {isa = PBXBuildFile; fileRef = 640E9248291AA54700F23A51 /* ios_02_simplecalculator_UriUITestsLaunchTests.swift */; };
		640E9257291AA6FD00F23A51 /* Panel.xib in Resources */ = {isa = PBXBuildFile; fileRef = 640E9256291AA6FD00F23A51 /* Panel.xib */; };
/* End PBXBuildFile section */

/* Begin PBXContainerItemProxy section */
		640E9239291AA54700F23A51 /* PBXContainerItemProxy */ = {
			isa = PBXContainerItemProxy;
			containerPortal = 640E921A291AA54600F23A51 /* Project object */;
			proxyType = 1;
			remoteGlobalIDString = 640E9221291AA54600F23A51;
			remoteInfo = ios_02_simplecalculator_Uri;
		};
		640E9243291AA54700F23A51 /* PBXContainerItemProxy */ = {
			isa = PBXContainerItemProxy;
			containerPortal = 640E921A291AA54600F23A51 /* Project object */;
			proxyType = 1;
			remoteGlobalIDString = 640E9221291AA54600F23A51;
			remoteInfo = ios_02_simplecalculator_Uri;
		};
/* End PBXContainerItemProxy section */

/* Begin PBXFileReference section */
		640E9222291AA54600F23A51 /* ios_02_simplecalculator_Uri.app */ = {isa = PBXFileReference; explicitFileType = wrapper.application; includeInIndex = 0; path = ios_02_simplecalculator_Uri.app; sourceTree = BUILT_PRODUCTS_DIR; };
		640E9225291AA54600F23A51 /* AppDelegate.swift */ = {isa = PBXFileReference; lastKnownFileType = sourcecode.swift; path = AppDelegate.swift; sourceTree = "<group>"; };
		640E9227291AA54600F23A51 /* SceneDelegate.swift */ = {isa = PBXFileReference; lastKnownFileType = sourcecode.swift; path = SceneDelegate.swift; sourceTree = "<group>"; };
		640E9229291AA54600F23A51 /* ViewController.swift */ = {isa = PBXFileReference; lastKnownFileType = sourcecode.swift; path = ViewController.swift; sourceTree = "<group>"; };
		640E922C291AA54600F23A51 /* Base */ = {isa = PBXFileReference; lastKnownFileType = file.storyboard; name = Base; path = Base.lproj/Main.storyboard; sourceTree = "<group>"; };
		640E922E291AA54700F23A51 /* Assets.xcassets */ = {isa = PBXFileReference; lastKnownFileType = folder.assetcatalog; path = Assets.xcassets; sourceTree = "<group>"; };
		640E9231291AA54700F23A51 /* Base */ = {isa = PBXFileReference; lastKnownFileType = file.storyboard; name = Base; path = Base.lproj/LaunchScreen.storyboard; sourceTree = "<group>"; };
		640E9233291AA54700F23A51 /* Info.plist */ = {isa = PBXFileReference; lastKnownFileType = text.plist.xml; path = Info.plist; sourceTree = "<group>"; };
		640E9238291AA54700F23A51 /* ios_02_simplecalculator_UriTests.xctest */ = {isa = PBXFileReference; explicitFileType = wrapper.cfbundle; includeInIndex = 0; path = ios_02_simplecalculator_UriTests.xctest; sourceTree = BUILT_PRODUCTS_DIR; };
		640E923C291AA54700F23A51 /* ios_02_simplecalculator_UriTests.swift */ = {isa = PBXFileReference; lastKnownFileType = sourcecode.swift; path = ios_02_simplecalculator_UriTests.swift; sourceTree = "<group>"; };
		640E9242291AA54700F23A51 /* ios_02_simplecalculator_UriUITests.xctest */ = {isa = PBXFileReference; explicitFileType = wrapper.cfbundle; includeInIndex = 0; path = ios_02_simplecalculator_UriUITests.xctest; sourceTree = BUILT_PRODUCTS_DIR; };
		640E9246291AA54700F23A51 /* ios_02_simplecalculator_UriUITests.swift */ = {isa = PBXFileReference; lastKnownFileType = sourcecode.swift; path = ios_02_simplecalculator_UriUITests.swift; sourceTree = "<group>"; };
		640E9248291AA54700F23A51 /* ios_02_simplecalculator_UriUITestsLaunchTests.swift */ = {isa = PBXFileReference; lastKnownFileType = sourcecode.swift; path = ios_02_simplecalculator_UriUITestsLaunchTests.swift; sourceTree = "<group>"; };
		640E9256291AA6FD00F23A51 /* Panel.xib */ = {isa = PBXFileReference; lastKnownFileType = file.xib; path = Panel.xib; sourceTree = "<group>"; };
/* End PBXFileReference section */

/* Begin PBXFrameworksBuildPhase section */
		640E921F291AA54600F23A51 /* Frameworks */ = {
			isa = PBXFrameworksBuildPhase;
			buildActionMask = 2147483647;
			files = (
			);
			runOnlyForDeploymentPostprocessing = 0;
		};
		640E9235291AA54700F23A51 /* Frameworks */ = {
			isa = PBXFrameworksBuildPhase;
			buildActionMask = 2147483647;
			files = (
			);
			runOnlyForDeploymentPostprocessing = 0;
		};
		640E923F291AA54700F23A51 /* Frameworks */ = {
			isa = PBXFrameworksBuildPhase;
			buildActionMask = 2147483647;
			files = (
			);
			runOnlyForDeploymentPostprocessing = 0;
		};
/* End PBXFrameworksBuildPhase section */

/* Begin PBXGroup section */
		640E9219291AA54600F23A51 = {
			isa = PBXGroup;
			children = (
				640E9224291AA54600F23A51 /* ios_02_simplecalculator_Uri */,
				640E923B291AA54700F23A51 /* ios_02_simplecalculator_UriTests */,
				640E9245291AA54700F23A51 /* ios_02_simplecalculator_UriUITests */,
				640E9223291AA54600F23A51 /* Products */,
			);
			sourceTree = "<group>";
		};
		640E9223291AA54600F23A51 /* Products */ = {
			isa = PBXGroup;
			children = (
				640E9222291AA54600F23A51 /* ios_02_simplecalculator_Uri.app */,
				640E9238291AA54700F23A51 /* ios_02_simplecalculator_UriTests.xctest */,
				640E9242291AA54700F23A51 /* ios_02_simplecalculator_UriUITests.xctest */,
			);
			name = Products;
			sourceTree = "<group>";
		};
		640E9224291AA54600F23A51 /* ios_02_simplecalculator_Uri */ = {
			isa = PBXGroup;
			children = (
				640E9255291AA6EA00F23A51 /* Views */,
				640E9225291AA54600F23A51 /* AppDelegate.swift */,
				640E9227291AA54600F23A51 /* SceneDelegate.swift */,
				640E9229291AA54600F23A51 /* ViewController.swift */,
				640E922B291AA54600F23A51 /* Main.storyboard */,
				640E922E291AA54700F23A51 /* Assets.xcassets */,
				640E9230291AA54700F23A51 /* LaunchScreen.storyboard */,
				640E9233291AA54700F23A51 /* Info.plist */,
			);
			path = ios_02_simplecalculator_Uri;
			sourceTree = "<group>";
		};
		640E923B291AA54700F23A51 /* ios_02_simplecalculator_UriTests */ = {
			isa = PBXGroup;
			children = (
				640E923C291AA54700F23A51 /* ios_02_simplecalculator_UriTests.swift */,
			);
			path = ios_02_simplecalculator_UriTests;
			sourceTree = "<group>";
		};
		640E9245291AA54700F23A51 /* ios_02_simplecalculator_UriUITests */ = {
			isa = PBXGroup;
			children = (
				640E9246291AA54700F23A51 /* ios_02_simplecalculator_UriUITests.swift */,
				640E9248291AA54700F23A51 /* ios_02_simplecalculator_UriUITestsLaunchTests.swift */,
			);
			path = ios_02_simplecalculator_UriUITests;
			sourceTree = "<group>";
		};
		640E9255291AA6EA00F23A51 /* Views */ = {
			isa = PBXGroup;
			children = (
				640E9256291AA6FD00F23A51 /* Panel.xib */,
			);
			path = Views;
			sourceTree = "<group>";
		};
/* End PBXGroup section */

/* Begin PBXNativeTarget section */
		640E9221291AA54600F23A51 /* ios_02_simplecalculator_Uri */ = {
			isa = PBXNativeTarget;
			buildConfigurationList = 640E924C291AA54700F23A51 /* Build configuration list for PBXNativeTarget "ios_02_simplecalculator_Uri" */;
			buildPhases = (
				640E921E291AA54600F23A51 /* Sources */,
				640E921F291AA54600F23A51 /* Frameworks */,
				640E9220291AA54600F23A51 /* Resources */,
			);
			buildRules = (
			);
			dependencies = (
			);
			name = ios_02_simplecalculator_Uri;
			productName = ios_02_simplecalculator_Uri;
			productReference = 640E9222291AA54600F23A51 /* ios_02_simplecalculator_Uri.app */;
			productType = "com.apple.product-type.application";
		};
		640E9237291AA54700F23A51 /* ios_02_simplecalculator_UriTests */ = {
			isa = PBXNativeTarget;
			buildConfigurationList = 640E924F291AA54700F23A51 /* Build configuration list for PBXNativeTarget "ios_02_simplecalculator_UriTests" */;
			buildPhases = (
				640E9234291AA54700F23A51 /* Sources */,
				640E9235291AA54700F23A51 /* Frameworks */,
				640E9236291AA54700F23A51 /* Resources */,
			);
			buildRules = (
			);
			dependencies = (
				640E923A291AA54700F23A51 /* PBXTargetDependency */,
			);
			name = ios_02_simplecalculator_UriTests;
			productName = ios_02_simplecalculator_UriTests;
			productReference = 640E9238291AA54700F23A51 /* ios_02_simplecalculator_UriTests.xctest */;
			productType = "com.apple.product-type.bundle.unit-test";
		};
		640E9241291AA54700F23A51 /* ios_02_simplecalculator_UriUITests */ = {
			isa = PBXNativeTarget;
			buildConfigurationList = 640E9252291AA54700F23A51 /* Build configuration list for PBXNativeTarget "ios_02_simplecalculator_UriUITests" */;
			buildPhases = (
				640E923E291AA54700F23A51 /* Sources */,
				640E923F291AA54700F23A51 /* Frameworks */,
				640E9240291AA54700F23A51 /* Resources */,
			);
			buildRules = (
			);
			dependencies = (
				640E9244291AA54700F23A51 /* PBXTargetDependency */,
			);
			name = ios_02_simplecalculator_UriUITests;
			productName = ios_02_simplecalculator_UriUITests;
			productReference = 640E9242291AA54700F23A51 /* ios_02_simplecalculator_UriUITests.xctest */;
			productType = "com.apple.product-type.bundle.ui-testing";
		};
/* End PBXNativeTarget section */

/* Begin PBXProject section */
		640E921A291AA54600F23A51 /* Project object */ = {
			isa = PBXProject;
			attributes = {
				BuildIndependentTargetsInParallel = 1;
				LastSwiftUpdateCheck = 1410;
				LastUpgradeCheck = 1410;
				TargetAttributes = {
					640E9221291AA54600F23A51 = {
						CreatedOnToolsVersion = 14.1;
					};
					640E9237291AA54700F23A51 = {
						CreatedOnToolsVersion = 14.1;
						TestTargetID = 640E9221291AA54600F23A51;
					};
					640E9241291AA54700F23A51 = {
						CreatedOnToolsVersion = 14.1;
						TestTargetID = 640E9221291AA54600F23A51;
					};
				};
			};
			buildConfigurationList = 640E921D291AA54600F23A51 /* Build configuration list for PBXProject "ios_02_simplecalculator_Uri" */;
			compatibilityVersion = "Xcode 14.0";
			developmentRegion = en;
			hasScannedForEncodings = 0;
			knownRegions = (
				en,
				Base,
			);
			mainGroup = 640E9219291AA54600F23A51;
			productRefGroup = 640E9223291AA54600F23A51 /* Products */;
			projectDirPath = "";
			projectRoot = "";
			targets = (
				640E9221291AA54600F23A51 /* ios_02_simplecalculator_Uri */,
				640E9237291AA54700F23A51 /* ios_02_simplecalculator_UriTests */,
				640E9241291AA54700F23A51 /* ios_02_simplecalculator_UriUITests */,
			);
		};
/* End PBXProject section */

/* Begin PBXResourcesBuildPhase section */
		640E9220291AA54600F23A51 /* Resources */ = {
			isa = PBXResourcesBuildPhase;
			buildActionMask = 2147483647;
			files = (
				640E9232291AA54700F23A51 /* LaunchScreen.storyboard in Resources */,
				640E922F291AA54700F23A51 /* Assets.xcassets in Resources */,
				640E9257291AA6FD00F23A51 /* Panel.xib in Resources */,
				640E922D291AA54600F23A51 /* Main.storyboard in Resources */,
			);
			runOnlyForDeploymentPostprocessing = 0;
		};
		640E9236291AA54700F23A51 /* Resources */ = {
			isa = PBXResourcesBuildPhase;
			buildActionMask = 2147483647;
			files = (
			);
			runOnlyForDeploymentPostprocessing = 0;
		};
		640E9240291AA54700F23A51 /* Resources */ = {
			isa = PBXResourcesBuildPhase;
			buildActionMask = 2147483647;
			files = (
			);
			runOnlyForDeploymentPostprocessing = 0;
		};
/* End PBXResourcesBuildPhase section */

/* Begin PBXSourcesBuildPhase section */
		640E921E291AA54600F23A51 /* Sources */ = {
			isa = PBXSourcesBuildPhase;
			buildActionMask = 2147483647;
			files = (
				640E922A291AA54600F23A51 /* ViewController.swift in Sources */,
				640E9226291AA54600F23A51 /* AppDelegate.swift in Sources */,
				640E9228291AA54600F23A51 /* SceneDelegate.swift in Sources */,
			);
			runOnlyForDeploymentPostprocessing = 0;
		};
		640E9234291AA54700F23A51 /* Sources */ = {
			isa = PBXSourcesBuildPhase;
			buildActionMask = 2147483647;
			files = (
				640E923D291AA54700F23A51 /* ios_02_simplecalculator_UriTests.swift in Sources */,
			);
			runOnlyForDeploymentPostprocessing = 0;
		};
		640E923E291AA54700F23A51 /* Sources */ = {
			isa = PBXSourcesBuildPhase;
			buildActionMask = 2147483647;
			files = (
				640E9247291AA54700F23A51 /* ios_02_simplecalculator_UriUITests.swift in Sources */,
				640E9249291AA54700F23A51 /* ios_02_simplecalculator_UriUITestsLaunchTests.swift in Sources */,
			);
			runOnlyForDeploymentPostprocessing = 0;
		};
/* End PBXSourcesBuildPhase section */

/* Begin PBXTargetDependency section */
		640E923A291AA54700F23A51 /* PBXTargetDependency */ = {
			isa = PBXTargetDependency;
			target = 640E9221291AA54600F23A51 /* ios_02_simplecalculator_Uri */;
			targetProxy = 640E9239291AA54700F23A51 /* PBXContainerItemProxy */;
		};
		640E9244291AA54700F23A51 /* PBXTargetDependency */ = {
			isa = PBXTargetDependency;
			target = 640E9221291AA54600F23A51 /* ios_02_simplecalculator_Uri */;
			targetProxy = 640E9243291AA54700F23A51 /* PBXContainerItemProxy */;
		};
/* End PBXTargetDependency section */

/* Begin PBXVariantGroup section */
		640E922B291AA54600F23A51 /* Main.storyboard */ = {
			isa = PBXVariantGroup;
			children = (
				640E922C291AA54600F23A51 /* Base */,
			);
			name = Main.storyboard;
			sourceTree = "<group>";
		};
		640E9230291AA54700F23A51 /* LaunchScreen.storyboard */ = {
			isa = PBXVariantGroup;
			children = (
				640E9231291AA54700F23A51 /* Base */,
			);
			name = LaunchScreen.storyboard;
			sourceTree = "<group>";
		};
/* End PBXVariantGroup section */

/* Begin XCBuildConfiguration section */
		640E924A291AA54700F23A51 /* Debug */ = {
			isa = XCBuildConfiguration;
			buildSettings = {
				ALWAYS_SEARCH_USER_PATHS = NO;
				CLANG_ANALYZER_NONNULL = YES;
				CLANG_ANALYZER_NUMBER_OBJECT_CONVERSION = YES_AGGRESSIVE;
				CLANG_CXX_LANGUAGE_STANDARD = "gnu++20";
				CLANG_ENABLE_MODULES = YES;
				CLANG_ENABLE_OBJC_ARC = YES;
				CLANG_ENABLE_OBJC_WEAK = YES;
				CLANG_WARN_BLOCK_CAPTURE_AUTORELEASING = YES;
				CLANG_WARN_BOOL_CONVERSION = YES;
				CLANG_WARN_COMMA = YES;
				CLANG_WARN_CONSTANT_CONVERSION = YES;
				CLANG_WARN_DEPRECATED_OBJC_IMPLEMENTATIONS = YES;
				CLANG_WARN_DIRECT_OBJC_ISA_USAGE = YES_ERROR;
				CLANG_WARN_DOCUMENTATION_COMMENTS = YES;
				CLANG_WARN_EMPTY_BODY = YES;
				CLANG_WARN_ENUM_CONVERSION = YES;
				CLANG_WARN_INFINITE_RECURSION = YES;
				CLANG_WARN_INT_CONVERSION = YES;
				CLANG_WARN_NON_LITERAL_NULL_CONVERSION = YES;
				CLANG_WARN_OBJC_IMPLICIT_RETAIN_SELF = YES;
				CLANG_WARN_OBJC_LITERAL_CONVERSION = YES;
				CLANG_WARN_OBJC_ROOT_CLASS = YES_ERROR;
				CLANG_WARN_QUOTED_INCLUDE_IN_FRAMEWORK_HEADER = YES;
				CLANG_WARN_RANGE_LOOP_ANALYSIS = YES;
				CLANG_WARN_STRICT_PROTOTYPES = YES;
				CLANG_WARN_SUSPICIOUS_MOVE = YES;
				CLANG_WARN_UNGUARDED_AVAILABILITY = YES_AGGRESSIVE;
				CLANG_WARN_UNREACHABLE_CODE = YES;
				CLANG_WARN__DUPLICATE_METHOD_MATCH = YES;
				COPY_PHASE_STRIP = NO;
				DEBUG_INFORMATION_FORMAT = dwarf;
				ENABLE_STRICT_OBJC_MSGSEND = YES;
				ENABLE_TESTABILITY = YES;
				GCC_C_LANGUAGE_STANDARD = gnu11;
				GCC_DYNAMIC_NO_PIC = NO;
				GCC_NO_COMMON_BLOCKS = YES;
				GCC_OPTIMIZATION_LEVEL = 0;
				GCC_PREPROCESSOR_DEFINITIONS = (
					"DEBUG=1",
					"$(inherited)",
				);
				GCC_WARN_64_TO_32_BIT_CONVERSION = YES;
				GCC_WARN_ABOUT_RETURN_TYPE = YES_ERROR;
				GCC_WARN_UNDECLARED_SELECTOR = YES;
				GCC_WARN_UNINITIALIZED_AUTOS = YES_AGGRESSIVE;
				GCC_WARN_UNUSED_FUNCTION = YES;
				GCC_WARN_UNUSED_VARIABLE = YES;
				IPHONEOS_DEPLOYMENT_TARGET = 16.1;
				MTL_ENABLE_DEBUG_INFO = INCLUDE_SOURCE;
				MTL_FAST_MATH = YES;
				ONLY_ACTIVE_ARCH = YES;
				SDKROOT = iphoneos;
				SWIFT_ACTIVE_COMPILATION_CONDITIONS = DEBUG;
				SWIFT_OPTIMIZATION_LEVEL = "-Onone";
			};
			name = Debug;
		};
		640E924B291AA54700F23A51 /* Release */ = {
			isa = XCBuildConfiguration;
			buildSettings = {
				ALWAYS_SEARCH_USER_PATHS = NO;
				CLANG_ANALYZER_NONNULL = YES;
				CLANG_ANALYZER_NUMBER_OBJECT_CONVERSION = YES_AGGRESSIVE;
				CLANG_CXX_LANGUAGE_STANDARD = "gnu++20";
				CLANG_ENABLE_MODULES = YES;
				CLANG_ENABLE_OBJC_ARC = YES;
				CLANG_ENABLE_OBJC_WEAK = YES;
				CLANG_WARN_BLOCK_CAPTURE_AUTORELEASING = YES;
				CLANG_WARN_BOOL_CONVERSION = YES;
				CLANG_WARN_COMMA = YES;
				CLANG_WARN_CONSTANT_CONVERSION = YES;
				CLANG_WARN_DEPRECATED_OBJC_IMPLEMENTATIONS = YES;
				CLANG_WARN_DIRECT_OBJC_ISA_USAGE = YES_ERROR;
				CLANG_WARN_DOCUMENTATION_COMMENTS = YES;
				CLANG_WARN_EMPTY_BODY = YES;
				CLANG_WARN_ENUM_CONVERSION = YES;
				CLANG_WARN_INFINITE_RECURSION = YES;
				CLANG_WARN_INT_CONVERSION = YES;
				CLANG_WARN_NON_LITERAL_NULL_CONVERSION = YES;
				CLANG_WARN_OBJC_IMPLICIT_RETAIN_SELF = YES;
				CLANG_WARN_OBJC_LITERAL_CONVERSION = YES;
				CLANG_WARN_OBJC_ROOT_CLASS = YES_ERROR;
				CLANG_WARN_QUOTED_INCLUDE_IN_FRAMEWORK_HEADER = YES;
				CLANG_WARN_RANGE_LOOP_ANALYSIS = YES;
				CLANG_WARN_STRICT_PROTOTYPES = YES;
				CLANG_WARN_SUSPICIOUS_MOVE = YES;
				CLANG_WARN_UNGUARDED_AVAILABILITY = YES_AGGRESSIVE;
				CLANG_WARN_UNREACHABLE_CODE = YES;
				CLANG_WARN__DUPLICATE_METHOD_MATCH = YES;
				COPY_PHASE_STRIP = NO;
				DEBUG_INFORMATION_FORMAT = "dwarf-with-dsym";
				ENABLE_NS_ASSERTIONS = NO;
				ENABLE_STRICT_OBJC_MSGSEND = YES;
				GCC_C_LANGUAGE_STANDARD = gnu11;
				GCC_NO_COMMON_BLOCKS = YES;
				GCC_WARN_64_TO_32_BIT_CONVERSION = YES;
				GCC_WARN_ABOUT_RETURN_TYPE = YES_ERROR;
				GCC_WARN_UNDECLARED_SELECTOR = YES;
				GCC_WARN_UNINITIALIZED_AUTOS = YES_AGGRESSIVE;
				GCC_WARN_UNUSED_FUNCTION = YES;
				GCC_WARN_UNUSED_VARIABLE = YES;
				IPHONEOS_DEPLOYMENT_TARGET = 16.1;
				MTL_ENABLE_DEBUG_INFO = NO;
				MTL_FAST_MATH = YES;
				SDKROOT = iphoneos;
				SWIFT_COMPILATION_MODE = wholemodule;
				SWIFT_OPTIMIZATION_LEVEL = "-O";
				VALIDATE_PRODUCT = YES;
			};
			name = Release;
		};
		640E924D291AA54700F23A51 /* Debug */ = {
			isa = XCBuildConfiguration;
			buildSettings = {
				ASSETCATALOG_COMPILER_APPICON_NAME = AppIcon;
				ASSETCATALOG_COMPILER_GLOBAL_ACCENT_COLOR_NAME = AccentColor;
				CODE_SIGN_STYLE = Automatic;
				CURRENT_PROJECT_VERSION = 1;
				GENERATE_INFOPLIST_FILE = YES;
				INFOPLIST_FILE = ios_02_simplecalculator_Uri/Info.plist;
				INFOPLIST_KEY_UIApplicationSupportsIndirectInputEvents = YES;
				INFOPLIST_KEY_UILaunchStoryboardName = LaunchScreen;
				INFOPLIST_KEY_UIMainStoryboardFile = Main;
				INFOPLIST_KEY_UISupportedInterfaceOrientations_iPad = "UIInterfaceOrientationPortrait UIInterfaceOrientationPortraitUpsideDown UIInterfaceOrientationLandscapeLeft UIInterfaceOrientationLandscapeRight";
				INFOPLIST_KEY_UISupportedInterfaceOrientations_iPhone = "UIInterfaceOrientationPortrait UIInterfaceOrientationLandscapeLeft UIInterfaceOrientationLandscapeRight";
				LD_RUNPATH_SEARCH_PATHS = (
					"$(inherited)",
					"@executable_path/Frameworks",
				);
				MARKETING_VERSION = 1.0;
				PRODUCT_BUNDLE_IDENTIFIER = "com.mednologic.ios-02-simplecalculator-Uri";
				PRODUCT_NAME = "$(TARGET_NAME)";
				SWIFT_EMIT_LOC_STRINGS = YES;
				SWIFT_VERSION = 5.0;
				TARGETED_DEVICE_FAMILY = "1,2";
			};
			name = Debug;
		};
		640E924E291AA54700F23A51 /* Release */ = {
			isa = XCBuildConfiguration;
			buildSettings = {
				ASSETCATALOG_COMPILER_APPICON_NAME = AppIcon;
				ASSETCATALOG_COMPILER_GLOBAL_ACCENT_COLOR_NAME = AccentColor;
				CODE_SIGN_STYLE = Automatic;
				CURRENT_PROJECT_VERSION = 1;
				GENERATE_INFOPLIST_FILE = YES;
				INFOPLIST_FILE = ios_02_simplecalculator_Uri/Info.plist;
				INFOPLIST_KEY_UIApplicationSupportsIndirectInputEvents = YES;
				INFOPLIST_KEY_UILaunchStoryboardName = LaunchScreen;
				INFOPLIST_KEY_UIMainStoryboardFile = Main;
				INFOPLIST_KEY_UISupportedInterfaceOrientations_iPad = "UIInterfaceOrientationPortrait UIInterfaceOrientationPortraitUpsideDown UIInterfaceOrientationLandscapeLeft UIInterfaceOrientationLandscapeRight";
				INFOPLIST_KEY_UISupportedInterfaceOrientations_iPhone = "UIInterfaceOrientationPortrait UIInterfaceOrientationLandscapeLeft UIInterfaceOrientationLandscapeRight";
				LD_RUNPATH_SEARCH_PATHS = (
					"$(inherited)",
					"@executable_path/Frameworks",
				);
				MARKETING_VERSION = 1.0;
				PRODUCT_BUNDLE_IDENTIFIER = "com.mednologic.ios-02-simplecalculator-Uri";
				PRODUCT_NAME = "$(TARGET_NAME)";
				SWIFT_EMIT_LOC_STRINGS = YES;
				SWIFT_VERSION = 5.0;
				TARGETED_DEVICE_FAMILY = "1,2";
			};
			name = Release;
		};
		640E9250291AA54700F23A51 /* Debug */ = {
			isa = XCBuildConfiguration;
			buildSettings = {
				ALWAYS_EMBED_SWIFT_STANDARD_LIBRARIES = YES;
				BUNDLE_LOADER = "$(TEST_HOST)";
				CODE_SIGN_STYLE = Automatic;
				CURRENT_PROJECT_VERSION = 1;
				GENERATE_INFOPLIST_FILE = YES;
				IPHONEOS_DEPLOYMENT_TARGET = 16.1;
				MARKETING_VERSION = 1.0;
				PRODUCT_BUNDLE_IDENTIFIER = "com.mednologic.ios-02-simplecalculator-UriTests";
				PRODUCT_NAME = "$(TARGET_NAME)";
				SWIFT_EMIT_LOC_STRINGS = NO;
				SWIFT_VERSION = 5.0;
				TARGETED_DEVICE_FAMILY = "1,2";
				TEST_HOST = "$(BUILT_PRODUCTS_DIR)/ios_02_simplecalculator_Uri.app/$(BUNDLE_EXECUTABLE_FOLDER_PATH)/ios_02_simplecalculator_Uri";
			};
			name = Debug;
		};
		640E9251291AA54700F23A51 /* Release */ = {
			isa = XCBuildConfiguration;
			buildSettings = {
				ALWAYS_EMBED_SWIFT_STANDARD_LIBRARIES = YES;
				BUNDLE_LOADER = "$(TEST_HOST)";
				CODE_SIGN_STYLE = Automatic;
				CURRENT_PROJECT_VERSION = 1;
				GENERATE_INFOPLIST_FILE = YES;
				IPHONEOS_DEPLOYMENT_TARGET = 16.1;
				MARKETING_VERSION = 1.0;
				PRODUCT_BUNDLE_IDENTIFIER = "com.mednologic.ios-02-simplecalculator-UriTests";
				PRODUCT_NAME = "$(TARGET_NAME)";
				SWIFT_EMIT_LOC_STRINGS = NO;
				SWIFT_VERSION = 5.0;
				TARGETED_DEVICE_FAMILY = "1,2";
				TEST_HOST = "$(BUILT_PRODUCTS_DIR)/ios_02_simplecalculator_Uri.app/$(BUNDLE_EXECUTABLE_FOLDER_PATH)/ios_02_simplecalculator_Uri";
			};
			name = Release;
		};
		640E9253291AA54700F23A51 /* Debug */ = {
			isa = XCBuildConfiguration;
			buildSettings = {
				ALWAYS_EMBED_SWIFT_STANDARD_LIBRARIES = YES;
				CODE_SIGN_STYLE = Automatic;
				CURRENT_PROJECT_VERSION = 1;
				GENERATE_INFOPLIST_FILE = YES;
				MARKETING_VERSION = 1.0;
				PRODUCT_BUNDLE_IDENTIFIER = "com.mednologic.ios-02-simplecalculator-UriUITests";
				PRODUCT_NAME = "$(TARGET_NAME)";
				SWIFT_EMIT_LOC_STRINGS = NO;
				SWIFT_VERSION = 5.0;
				TARGETED_DEVICE_FAMILY = "1,2";
				TEST_TARGET_NAME = ios_02_simplecalculator_Uri;
			};
			name = Debug;
		};
		640E9254291AA54700F23A51 /* Release */ = {
			isa = XCBuildConfiguration;
			buildSettings = {
				ALWAYS_EMBED_SWIFT_STANDARD_LIBRARIES = YES;
				CODE_SIGN_STYLE = Automatic;
				CURRENT_PROJECT_VERSION = 1;
				GENERATE_INFOPLIST_FILE = YES;
				MARKETING_VERSION = 1.0;
				PRODUCT_BUNDLE_IDENTIFIER = "com.mednologic.ios-02-simplecalculator-UriUITests";
				PRODUCT_NAME = "$(TARGET_NAME)";
				SWIFT_EMIT_LOC_STRINGS = NO;
				SWIFT_VERSION = 5.0;
				TARGETED_DEVICE_FAMILY = "1,2";
				TEST_TARGET_NAME = ios_02_simplecalculator_Uri;
			};
			name = Release;
		};
/* End XCBuildConfiguration section */

/* Begin XCConfigurationList section */
		640E921D291AA54600F23A51 /* Build configuration list for PBXProject "ios_02_simplecalculator_Uri" */ = {
			isa = XCConfigurationList;
			buildConfigurations = (
				640E924A291AA54700F23A51 /* Debug */,
				640E924B291AA54700F23A51 /* Release */,
			);
			defaultConfigurationIsVisible = 0;
			defaultConfigurationName = Release;
		};
		640E924C291AA54700F23A51 /* Build configuration list for PBXNativeTarget "ios_02_simplecalculator_Uri" */ = {
			isa = XCConfigurationList;
			buildConfigurations = (
				640E924D291AA54700F23A51 /* Debug */,
				640E924E291AA54700F23A51 /* Release */,
			);
			defaultConfigurationIsVisible = 0;
			defaultConfigurationName = Release;
		};
		640E924F291AA54700F23A51 /* Build configuration list for PBXNativeTarget "ios_02_simplecalculator_UriTests" */ = {
			isa = XCConfigurationList;
			buildConfigurations = (
				640E9250291AA54700F23A51 /* Debug */,
				640E9251291AA54700F23A51 /* Release */,
			);
			defaultConfigurationIsVisible = 0;
			defaultConfigurationName = Release;
		};
		640E9252291AA54700F23A51 /* Build configuration list for PBXNativeTarget "ios_02_simplecalculator_UriUITests" */ = {
			isa = XCConfigurationList;
			buildConfigurations = (
				640E9253291AA54700F23A51 /* Debug */,
				640E9254291AA54700F23A51 /* Release */,
			);
			defaultConfigurationIsVisible = 0;
			defaultConfigurationName = Release;
		};
/* End XCConfigurationList section */
	};
	rootObject = 640E921A291AA54600F23A51 /* Project object */;
}
